annotated-doc==0.0.5
annotated-types==0.8.0
anyio==4.15.1
brotli==1.2.0
certifi==2026.7.22
cffi==2.1.1
charset-normalizer==3.5.1
click==8.5.0
cryptography==50.0.1
fastapi==0.141.1
h11==0.16.0
idna==3.20
jh2==5.0.14
jsonpath-ng==1.8.0
niquests==3.21.1
opencc-python-reimplemented==0.1.7
orjson==3.12.0
paho-mqtt==2.1.0
pycparser==3.0
pydantic==2.13.5
pydantic-core==2.46.5
qh3==2.0.3
qqmusic-api-python==0.7.2
requests==2.34.2
starlette==1.6.0
typing-extensions==4.16.0
typing-inspection==0.4.4
urllib3==2.8.0
urllib3-future==2.24.908
uvicorn==0.40.0
wassima==2.1.4
zstandard==0.25.0
